
Microsoft Visual Studio Solution File, Format Version 12.00
# Visual Studio Version 17
VisualStudioVersion = 17.14.36518.9
MinimumVisualStudioVersion = 10.0.40219.1
Project("{2150E333-8FDC-42A3-9474-1A3956D46DE8}") = "Core", "Core", "{02EA681E-C7D8-13C7-8484-4AC65E1B71E8}"
EndProject
Project("{FAE04EC0-301F-11D3-BF4B-00C04F79EFBC}") = "QueenCar.Domain", "Core\QueenCar.Domain\QueenCar.Domain.csproj", "{13A5DCF1-A4DF-4509-9237-525E4B31B4EB}"
EndProject
Project("{2150E333-8FDC-42A3-9474-1A3956D46DE8}") = "Infrastructure", "Infrastructure", "{2E72E6B0-AF33-4C68-AE0D-23FD7B9B0298}"
EndProject
Project("{FAE04EC0-301F-11D3-BF4B-00C04F79EFBC}") = "QueenCar.Persistence", "Infrastucture\QueenCar.Persistence\QueenCar.Persistence.csproj", "{D7CE305D-2F4C-480D-8CFD-23DA07A701C2}"
EndProject
Project("{2150E333-8FDC-42A3-9474-1A3956D46DE8}") = "Presentation", "Presentation", "{E0535507-5EB4-4851-A10D-F458D54E7CA3}"
EndProject
Project("{FAE04EC0-301F-11D3-BF4B-00C04F79EFBC}") = "QueenCar.WebApi", "Presentation\QueenCar.WebApi\QueenCar.WebApi.csproj", "{D1FBFDD0-AE2E-4595-A0D2-3EBB3159634B}"
EndProject
Project("{FAE04EC0-301F-11D3-BF4B-00C04F79EFBC}") = "QueenCar.Application", "Core\QueenCar.Application\QueenCar.Application.csproj", "{916CA0BC-27F5-4C5C-9DC6-72364DE5C040}"
EndProject
Global
	GlobalSection(SolutionConfigurationPlatforms) = preSolution
		Debug|Any CPU = Debug|Any CPU
		Release|Any CPU = Release|Any CPU
	EndGlobalSection
	GlobalSection(ProjectConfigurationPlatforms) = postSolution
		{13A5DCF1-A4DF-4509-9237-525E4B31B4EB}.Debug|Any CPU.ActiveCfg = Debug|Any CPU
		{13A5DCF1-A4DF-4509-9237-525E4B31B4EB}.Debug|Any CPU.Build.0 = Debug|Any CPU
		{13A5DCF1-A4DF-4509-9237-525E4B31B4EB}.Release|Any CPU.ActiveCfg = Release|Any CPU
		{13A5DCF1-A4DF-4509-9237-525E4B31B4EB}.Release|Any CPU.Build.0 = Release|Any CPU
		{D7CE305D-2F4C-480D-8CFD-23DA07A701C2}.Debug|Any CPU.ActiveCfg = Debug|Any CPU
		{D7CE305D-2F4C-480D-8CFD-23DA07A701C2}.Debug|Any CPU.Build.0 = Debug|Any CPU
		{D7CE305D-2F4C-480D-8CFD-23DA07A701C2}.Release|Any CPU.ActiveCfg = Release|Any CPU
		{D7CE305D-2F4C-480D-8CFD-23DA07A701C2}.Release|Any CPU.Build.0 = Release|Any CPU
		{D1FBFDD0-AE2E-4595-A0D2-3EBB3159634B}.Debug|Any CPU.ActiveCfg = Debug|Any CPU
		{D1FBFDD0-AE2E-4595-A0D2-3EBB3159634B}.Debug|Any CPU.Build.0 = Debug|Any CPU
		{D1FBFDD0-AE2E-4595-A0D2-3EBB3159634B}.Release|Any CPU.ActiveCfg = Release|Any CPU
		{D1FBFDD0-AE2E-4595-A0D2-3EBB3159634B}.Release|Any CPU.Build.0 = Release|Any CPU
		{916CA0BC-27F5-4C5C-9DC6-72364DE5C040}.Debug|Any CPU.ActiveCfg = Debug|Any CPU
		{916CA0BC-27F5-4C5C-9DC6-72364DE5C040}.Debug|Any CPU.Build.0 = Debug|Any CPU
		{916CA0BC-27F5-4C5C-9DC6-72364DE5C040}.Release|Any CPU.ActiveCfg = Release|Any CPU
		{916CA0BC-27F5-4C5C-9DC6-72364DE5C040}.Release|Any CPU.Build.0 = Release|Any CPU
	EndGlobalSection
	GlobalSection(SolutionProperties) = preSolution
		HideSolutionNode = FALSE
	EndGlobalSection
	GlobalSection(NestedProjects) = preSolution
		{13A5DCF1-A4DF-4509-9237-525E4B31B4EB} = {02EA681E-C7D8-13C7-8484-4AC65E1B71E8}
		{D7CE305D-2F4C-480D-8CFD-23DA07A701C2} = {2E72E6B0-AF33-4C68-AE0D-23FD7B9B0298}
		{D1FBFDD0-AE2E-4595-A0D2-3EBB3159634B} = {E0535507-5EB4-4851-A10D-F458D54E7CA3}
		{916CA0BC-27F5-4C5C-9DC6-72364DE5C040} = {02EA681E-C7D8-13C7-8484-4AC65E1B71E8}
	EndGlobalSection
	GlobalSection(ExtensibilityGlobals) = postSolution
		SolutionGuid = {19666139-847D-49D7-92F2-88046B8E72CE}
	EndGlobalSection
EndGlobal
